
Microsoft Visual Studio Solution File, Format Version 12.00
# Visual Studio Version 16
VisualStudioVersion = 16.0.29418.71
MinimumVisualStudioVersion = 10.0.40219.1
Project("{9A19103F-16F7-4668-BE54-9A1E7A4F7556}") = "ReflexComparer", "ReflexComparer\ReflexComparer.csproj", "{33A493BA-CEB2-471C-9408-A018D5E36E40}"
EndProject
Project("{9A19103F-16F7-4668-BE54-9A1E7A4F7556}") = "ReflexComparerTests", "ReflexComparerTests\ReflexComparerTests.csproj", "{38E66B5D-F90E-418B-BE8C-B7A3E86EAD92}"
EndProject
Project("{FAE04EC0-301F-11D3-BF4B-00C04F79EFBC}") = "ReflexComparerPerformanceTests", "ReflexComparerPerformanceTests\ReflexComparerPerformanceTests.csproj", "{B0FB3741-AD01-46EA-BF29-B16CECC1C5F6}"
EndProject
Global
	GlobalSection(SolutionConfigurationPlatforms) = preSolution
		Debug|Any CPU = Debug|Any CPU
		Release|Any CPU = Release|Any CPU
	EndGlobalSection
	GlobalSection(ProjectConfigurationPlatforms) = postSolution
		{33A493BA-CEB2-471C-9408-A018D5E36E40}.Debug|Any CPU.ActiveCfg = Debug|Any CPU
		{33A493BA-CEB2-471C-9408-A018D5E36E40}.Debug|Any CPU.Build.0 = Debug|Any CPU
		{33A493BA-CEB2-471C-9408-A018D5E36E40}.Release|Any CPU.ActiveCfg = Release|Any CPU
		{33A493BA-CEB2-471C-9408-A018D5E36E40}.Release|Any CPU.Build.0 = Release|Any CPU
		{38E66B5D-F90E-418B-BE8C-B7A3E86EAD92}.Debug|Any CPU.ActiveCfg = Debug|Any CPU
		{38E66B5D-F90E-418B-BE8C-B7A3E86EAD92}.Debug|Any CPU.Build.0 = Debug|Any CPU
		{38E66B5D-F90E-418B-BE8C-B7A3E86EAD92}.Release|Any CPU.ActiveCfg = Release|Any CPU
		{38E66B5D-F90E-418B-BE8C-B7A3E86EAD92}.Release|Any CPU.Build.0 = Release|Any CPU
		{B0FB3741-AD01-46EA-BF29-B16CECC1C5F6}.Debug|Any CPU.ActiveCfg = Debug|Any CPU
		{B0FB3741-AD01-46EA-BF29-B16CECC1C5F6}.Debug|Any CPU.Build.0 = Debug|Any CPU
		{B0FB3741-AD01-46EA-BF29-B16CECC1C5F6}.Release|Any CPU.ActiveCfg = Release|Any CPU
		{B0FB3741-AD01-46EA-BF29-B16CECC1C5F6}.Release|Any CPU.Build.0 = Release|Any CPU
	EndGlobalSection
	GlobalSection(SolutionProperties) = preSolution
		HideSolutionNode = FALSE
	EndGlobalSection
	GlobalSection(ExtensibilityGlobals) = postSolution
		SolutionGuid = {B55D29CD-D1BB-4EB1-92C4-8D9F0D2BD87A}
	EndGlobalSection
EndGlobal
